// !$*UTF8*$!
{
	archiveVersion = 1;
	classes = {
	};
	objectVersion = 46;
	objects = {

/* Begin PBXBuildFile section */
		004E35591D53B8F300685EE0 /* RatingControl.swift in Sources */ = {isa = PBXBuildFile; fileRef = 004E35581D53B8F300685EE0 /* RatingControl.swift */; };
		004F66BD1D54323C00B3DC5D /* MealTableViewCell.swift in Sources */ = {isa = PBXBuildFile; fileRef = 004F66BC1D54323C00B3DC5D /* MealTableViewCell.swift */; };
		004F66BF1D54367B00B3DC5D /* MealTableViewController.swift in Sources */ = {isa = PBXBuildFile; fileRef = 004F66BE1D54367B00B3DC5D /* MealTableViewController.swift */; };
		00715A3F1D54028900449D44 /* Meal.swift in Sources */ = {isa = PBXBuildFile; fileRef = 00715A3E1D54028900449D44 /* Meal.swift */; };
		00715A401D54028900449D44 /* Meal.swift in Sources */ = {isa = PBXBuildFile; fileRef = 00715A3E1D54028900449D44 /* Meal.swift */; };
		00F952C11D4F65B80049793F /* AppDelegate.swift in Sources */ = {isa = PBXBuildFile; fileRef = 00F952C01D4F65B80049793F /* AppDelegate.swift */; };
		00F952C31D4F65B80049793F /* MealViewController.swift in Sources */ = {isa = PBXBuildFile; fileRef = 00F952C21D4F65B80049793F /* MealViewController.swift */; };
		00F952C61D4F65B80049793F /* Main.storyboard in Resources */ = {isa = PBXBuildFile; fileRef = 00F952C41D4F65B80049793F /* Main.storyboard */; };
		00F952C81D4F65B80049793F /* Assets.xcassets in Resources */ = {isa = PBXBuildFile; fileRef = 00F952C71D4F65B80049793F /* Assets.xcassets */; };
		00F952CB1D4F65B80049793F /* LaunchScreen.storyboard in Resources */ = {isa = PBXBuildFile; fileRef = 00F952C91D4F65B80049793F /* LaunchScreen.storyboard */; };
		00F952D61D4F65B80049793F /* FoodTrackerTests.swift in Sources */ = {isa = PBXBuildFile; fileRef = 00F952D51D4F65B80049793F /* FoodTrackerTests.swift */; };
/* End PBXBuildFile section */

/* Begin PBXContainerItemProxy section */
		00F952D21D4F65B80049793F /* PBXContainerItemProxy */ = {
			isa = PBXContainerItemProxy;
			containerPortal = 00F952B51D4F65B80049793F /* Project object */;
			proxyType = 1;
			remoteGlobalIDString = 00F952BC1D4F65B80049793F;
			remoteInfo = FoodTracker;
		};
/* End PBXContainerItemProxy section */

/* Begin PBXFileReference section */
		004E35581D53B8F300685EE0 /* RatingControl.swift */ = {isa = PBXFileReference; fileEncoding = 4; lastKnownFileType = sourcecode.swift; path = RatingControl.swift; sourceTree = "<group>"; };
		004F66BC1D54323C00B3DC5D /* MealTableViewCell.swift */ = {isa = PBXFileReference; fileEncoding = 4; lastKnownFileType = sourcecode.swift; path = MealTableViewCell.swift; sourceTree = "<group>"; };
		004F66BE1D54367B00B3DC5D /* MealTableViewController.swift */ = {isa = PBXFileReference; fileEncoding = 4; lastKnownFileType = sourcecode.swift; path = MealTableViewController.swift; sourceTree = "<group>"; };
		00715A3E1D54028900449D44 /* Meal.swift */ = {isa = PBXFileReference; fileEncoding = 4; lastKnownFileType = sourcecode.swift; path = Meal.swift; sourceTree = "<group>"; };
		00F952BD1D4F65B80049793F /* FoodTracker.app */ = {isa = PBXFileReference; explicitFileType = wrapper.application; includeInIndex = 0; path = FoodTracker.app; sourceTree = BUILT_PRODUCTS_DIR; };
		00F952C01D4F65B80049793F /* AppDelegate.swift */ = {isa = PBXFileReference; lastKnownFileType = sourcecode.swift; path = AppDelegate.swift; sourceTree = "<group>"; };
		00F952C21D4F65B80049793F /* MealViewController.swift */ = {isa = PBXFileReference; lastKnownFileType = sourcecode.swift; path = MealViewController.swift; sourceTree = "<group>"; };
		00F952C51D4F65B80049793F /* Base */ = {isa = PBXFileReference; lastKnownFileType = file.storyboard; name = Base; path = Base.lproj/Main.storyboard; sourceTree = "<group>"; };
		00F952C71D4F65B80049793F /* Assets.xcassets */ = {isa = PBXFileReference; lastKnownFileType = folder.assetcatalog; path = Assets.xcassets; sourceTree = "<group>"; };
		00F952CA1D4F65B80049793F /* Base */ = {isa = PBXFileReference; lastKnownFileType = file.storyboard; name = Base; path = Base.lproj/LaunchScreen.storyboard; sourceTree = "<group>"; };
		00F952CC1D4F65B80049793F /* Info.plist */ = {isa = PBXFileReference; lastKnownFileType = text.plist.xml; path = Info.plist; sourceTree = "<group>"; };
		00F952D11D4F65B80049793F /* FoodTrackerTests.xctest */ = {isa = PBXFileReference; explicitFileType = wrapper.cfbundle; includeInIndex = 0; path = FoodTrackerTests.xctest; sourceTree = BUILT_PRODUCTS_DIR; };
		00F952D51D4F65B80049793F /* FoodTrackerTests.swift */ = {isa = PBXFileReference; lastKnownFileType = sourcecode.swift; path = FoodTrackerTests.swift; sourceTree = "<group>"; };
		00F952D71D4F65B80049793F /* Info.plist */ = {isa = PBXFileReference; lastKnownFileType = text.plist.xml; path = Info.plist; sourceTree = "<group>"; };
/* End PBXFileReference section */

/* Begin PBXFrameworksBuildPhase section */
		00F952BA1D4F65B80049793F /* Frameworks */ = {
			isa = PBXFrameworksBuildPhase;
			buildActionMask = 2147483647;
			files = (
			);
			runOnlyForDeploymentPostprocessing = 0;
		};
		00F952CE1D4F65B80049793F /* Frameworks */ = {
			isa = PBXFrameworksBuildPhase;
			buildActionMask = 2147483647;
			files = (
			);
			runOnlyForDeploymentPostprocessing = 0;
		};
/* End PBXFrameworksBuildPhase section */

/* Begin PBXGroup section */
		00F952B41D4F65B80049793F = {
			isa = PBXGroup;
			children = (
				00F952BF1D4F65B80049793F /* FoodTracker */,
				00F952D41D4F65B80049793F /* FoodTrackerTests */,
				00F952BE1D4F65B80049793F /* Products */,
			);
			sourceTree = "<group>";
		};
		00F952BE1D4F65B80049793F /* Products */ = {
			isa = PBXGroup;
			children = (
				00F952BD1D4F65B80049793F /* FoodTracker.app */,
				00F952D11D4F65B80049793F /* FoodTrackerTests.xctest */,
			);
			name = Products;
			sourceTree = "<group>";
		};
		00F952BF1D4F65B80049793F /* FoodTracker */ = {
			isa = PBXGroup;
			children = (
				00F952C01D4F65B80049793F /* AppDelegate.swift */,
				004F66BE1D54367B00B3DC5D /* MealTableViewController.swift */,
				00F952C21D4F65B80049793F /* MealViewController.swift */,
				004E35581D53B8F300685EE0 /* RatingControl.swift */,
				00F952C41D4F65B80049793F /* Main.storyboard */,
				00F952C71D4F65B80049793F /* Assets.xcassets */,
				00F952C91D4F65B80049793F /* LaunchScreen.storyboard */,
				00F952CC1D4F65B80049793F /* Info.plist */,
				00715A3E1D54028900449D44 /* Meal.swift */,
				004F66BC1D54323C00B3DC5D /* MealTableViewCell.swift */,
			);
			path = FoodTracker;
			sourceTree = "<group>";
		};
		00F952D41D4F65B80049793F /* FoodTrackerTests */ = {
			isa = PBXGroup;
			children = (
				00F952D51D4F65B80049793F /* FoodTrackerTests.swift */,
				00F952D71D4F65B80049793F /* Info.plist */,
			);
			path = FoodTrackerTests;
			sourceTree = "<group>";
		};
/* End PBXGroup section */

/* Begin PBXNativeTarget section */
		00F952BC1D4F65B80049793F /* FoodTracker */ = {
			isa = PBXNativeTarget;
			buildConfigurationList = 00F952DA1D4F65B80049793F /* Build configuration list for PBXNativeTarget "FoodTracker" */;
			buildPhases = (
				00F952B91D4F65B80049793F /* Sources */,
				00F952BA1D4F65B80049793F /* Frameworks */,
				00F952BB1D4F65B80049793F /* Resources */,
			);
			buildRules = (
			);
			dependencies = (
			);
			name = FoodTracker;
			productName = FoodTracker;
			productReference = 00F952BD1D4F65B80049793F /* FoodTracker.app */;
			productType = "com.apple.product-type.application";
		};
		00F952D01D4F65B80049793F /* FoodTrackerTests */ = {
			isa = PBXNativeTarget;
			buildConfigurationList = 00F952DD1D4F65B80049793F /* Build configuration list for PBXNativeTarget "FoodTrackerTests" */;
			buildPhases = (
				00F952CD1D4F65B80049793F /* Sources */,
				00F952CE1D4F65B80049793F /* Frameworks */,
				00F952CF1D4F65B80049793F /* Resources */,
			);
			buildRules = (
			);
			dependencies = (
				00F952D31D4F65B80049793F /* PBXTargetDependency */,
			);
			name = FoodTrackerTests;
			productName = FoodTrackerTests;
			productReference = 00F952D11D4F65B80049793F /* FoodTrackerTests.xctest */;
			productType = "com.apple.product-type.bundle.unit-test";
		};
/* End PBXNativeTarget section */

/* Begin PBXProject section */
		00F952B51D4F65B80049793F /* Project object */ = {
			isa = PBXProject;
			attributes = {
				LastSwiftUpdateCheck = 0800;
				LastUpgradeCheck = 0800;
				ORGANIZATIONNAME = "Onésimo Ramos Magallón";
				TargetAttributes = {
					00F952BC1D4F65B80049793F = {
						CreatedOnToolsVersion = 8.0;
						DevelopmentTeam = L65V4F689N;
						DevelopmentTeamName = "Onesimo Ramos (Personal Team)";
						ProvisioningStyle = Automatic;
					};
					00F952D01D4F65B80049793F = {
						CreatedOnToolsVersion = 8.0;
						DevelopmentTeam = L65V4F689N;
						DevelopmentTeamName = "Onesimo Ramos (Personal Team)";
						ProvisioningStyle = Automatic;
						TestTargetID = 00F952BC1D4F65B80049793F;
					};
				};
			};
			buildConfigurationList = 00F952B81D4F65B80049793F /* Build configuration list for PBXProject "FoodTracker" */;
			compatibilityVersion = "Xcode 3.2";
			developmentRegion = English;
			hasScannedForEncodings = 0;
			knownRegions = (
				en,
				Base,
			);
			mainGroup = 00F952B41D4F65B80049793F;
			productRefGroup = 00F952BE1D4F65B80049793F /* Products */;
			projectDirPath = "";
			projectRoot = "";
			targets = (
				00F952BC1D4F65B80049793F /* FoodTracker */,
				00F952D01D4F65B80049793F /* FoodTrackerTests */,
			);
		};
/* End PBXProject section */

/* Begin PBXResourcesBuildPhase section */
		00F952BB1D4F65B80049793F /* Resources */ = {
			isa = PBXResourcesBuildPhase;
			buildActionMask = 2147483647;
			files = (
				00F952CB1D4F65B80049793F /* LaunchScreen.storyboard in Resources */,
				00F952C81D4F65B80049793F /* Assets.xcassets in Resources */,
				00F952C61D4F65B80049793F /* Main.storyboard in Resources */,
			);
			runOnlyForDeploymentPostprocessing = 0;
		};
		00F952CF1D4F65B80049793F /* Resources */ = {
			isa = PBXResourcesBuildPhase;
			buildActionMask = 2147483647;
			files = (
			);
			runOnlyForDeploymentPostprocessing = 0;
		};
/* End PBXResourcesBuildPhase section */

/* Begin PBXSourcesBuildPhase section */
		00F952B91D4F65B80049793F /* Sources */ = {
			isa = PBXSourcesBuildPhase;
			buildActionMask = 2147483647;
			files = (
				00715A3F1D54028900449D44 /* Meal.swift in Sources */,
				00F952C31D4F65B80049793F /* MealViewController.swift in Sources */,
				004E35591D53B8F300685EE0 /* RatingControl.swift in Sources */,
				00F952C11D4F65B80049793F /* AppDelegate.swift in Sources */,
				004F66BF1D54367B00B3DC5D /* MealTableViewController.swift in Sources */,
				004F66BD1D54323C00B3DC5D /* MealTableViewCell.swift in Sources */,
			);
			runOnlyForDeploymentPostprocessing = 0;
		};
		00F952CD1D4F65B80049793F /* Sources */ = {
			isa = PBXSourcesBuildPhase;
			buildActionMask = 2147483647;
			files = (
				00715A401D54028900449D44 /* Meal.swift in Sources */,
				00F952D61D4F65B80049793F /* FoodTrackerTests.swift in Sources */,
			);
			runOnlyForDeploymentPostprocessing = 0;
		};
/* End PBXSourcesBuildPhase section */

/* Begin PBXTargetDependency section */
		00F952D31D4F65B80049793F /* PBXTargetDependency */ = {
			isa = PBXTargetDependency;
			target = 00F952BC1D4F65B80049793F /* FoodTracker */;
			targetProxy = 00F952D21D4F65B80049793F /* PBXContainerItemProxy */;
		};
/* End PBXTargetDependency section */

/* Begin PBXVariantGroup section */
		00F952C41D4F65B80049793F /* Main.storyboard */ = {
			isa = PBXVariantGroup;
			children = (
				00F952C51D4F65B80049793F /* Base */,
			);
			name = Main.storyboard;
			sourceTree = "<group>";
		};
		00F952C91D4F65B80049793F /* LaunchScreen.storyboard */ = {
			isa = PBXVariantGroup;
			children = (
				00F952CA1D4F65B80049793F /* Base */,
			);
			name = LaunchScreen.storyboard;
			sourceTree = "<group>";
		};
/* End PBXVariantGroup section */

/* Begin XCBuildConfiguration section */
		00F952D81D4F65B80049793F /* Debug */ = {
			isa = XCBuildConfiguration;
			buildSettings = {
				ALWAYS_SEARCH_USER_PATHS = NO;
				CLANG_ANALYZER_NONNULL = YES;
				CLANG_CXX_LANGUAGE_STANDARD = "gnu++0x";
				CLANG_CXX_LIBRARY = "libc++";
				CLANG_ENABLE_MODULES = YES;
				CLANG_ENABLE_OBJC_ARC = YES;
				CLANG_WARN_BOOL_CONVERSION = YES;
				CLANG_WARN_CONSTANT_CONVERSION = YES;
				CLANG_WARN_DIRECT_OBJC_ISA_USAGE = YES_ERROR;
				CLANG_WARN_DOCUMENTATION_COMMENTS = YES;
				CLANG_WARN_EMPTY_BODY = YES;
				CLANG_WARN_ENUM_CONVERSION = YES;
				CLANG_WARN_INT_CONVERSION = YES;
				CLANG_WARN_OBJC_ROOT_CLASS = YES_ERROR;
				CLANG_WARN_UNREACHABLE_CODE = YES;
				CLANG_WARN__DUPLICATE_METHOD_MATCH = YES;
				"CODE_SIGN_IDENTITY[sdk=iphoneos*]" = "iPhone Developer";
				COPY_PHASE_STRIP = NO;
				DEBUG_INFORMATION_FORMAT = dwarf;
				ENABLE_STRICT_OBJC_MSGSEND = YES;
				ENABLE_TESTABILITY = YES;
				GCC_C_LANGUAGE_STANDARD = gnu99;
				GCC_DYNAMIC_NO_PIC = NO;
				GCC_NO_COMMON_BLOCKS = YES;
				GCC_OPTIMIZATION_LEVEL = 0;
				GCC_PREPROCESSOR_DEFINITIONS = (
					"DEBUG=1",
					"$(inherited)",
				);
				GCC_WARN_64_TO_32_BIT_CONVERSION = YES;
				GCC_WARN_ABOUT_RETURN_TYPE = YES_ERROR;
				GCC_WARN_UNDECLARED_SELECTOR = YES;
				GCC_WARN_UNINITIALIZED_AUTOS = YES_AGGRESSIVE;
				GCC_WARN_UNUSED_FUNCTION = YES;
				GCC_WARN_UNUSED_VARIABLE = YES;
				IPHONEOS_DEPLOYMENT_TARGET = 9.0;
				MTL_ENABLE_DEBUG_INFO = YES;
				ONLY_ACTIVE_ARCH = YES;
				SDKROOT = iphoneos;
				SWIFT_ACTIVE_COMPILATION_CONDITIONS = DEBUG;
				SWIFT_OPTIMIZATION_LEVEL = "-Onone";
				TARGETED_DEVICE_FAMILY = "1,2";
			};
			name = Debug;
		};
		00F952D91D4F65B80049793F /* Release */ = {
			isa = XCBuildConfiguration;
			buildSettings = {
				ALWAYS_SEARCH_USER_PATHS = NO;
				CLANG_ANALYZER_NONNULL = YES;
				CLANG_CXX_LANGUAGE_STANDARD = "gnu++0x";
				CLANG_CXX_LIBRARY = "libc++";
				CLANG_ENABLE_MODULES = YES;
				CLANG_ENABLE_OBJC_ARC = YES;
				CLANG_WARN_BOOL_CONVERSION = YES;
				CLANG_WARN_CONSTANT_CONVERSION = YES;
				CLANG_WARN_DIRECT_OBJC_ISA_USAGE = YES_ERROR;
				CLANG_WARN_DOCUMENTATION_COMMENTS = YES;
				CLANG_WARN_EMPTY_BODY = YES;
				CLANG_WARN_ENUM_CONVERSION = YES;
				CLANG_WARN_INT_CONVERSION = YES;
				CLANG_WARN_OBJC_ROOT_CLASS = YES_ERROR;
				CLANG_WARN_UNREACHABLE_CODE = YES;
				CLANG_WARN__DUPLICATE_METHOD_MATCH = YES;
				"CODE_SIGN_IDENTITY[sdk=iphoneos*]" = "iPhone Developer";
				COPY_PHASE_STRIP = NO;
				DEBUG_INFORMATION_FORMAT = "dwarf-with-dsym";
				ENABLE_NS_ASSERTIONS = NO;
				ENABLE_STRICT_OBJC_MSGSEND = YES;
				GCC_C_LANGUAGE_STANDARD = gnu99;
				GCC_NO_COMMON_BLOCKS = YES;
				GCC_WARN_64_TO_32_BIT_CONVERSION = YES;
				GCC_WARN_ABOUT_RETURN_TYPE = YES_ERROR;
				GCC_WARN_UNDECLARED_SELECTOR = YES;
				GCC_WARN_UNINITIALIZED_AUTOS = YES_AGGRESSIVE;
				GCC_WARN_UNUSED_FUNCTION = YES;
				GCC_WARN_UNUSED_VARIABLE = YES;
				IPHONEOS_DEPLOYMENT_TARGET = 9.0;
				MTL_ENABLE_DEBUG_INFO = NO;
				SDKROOT = iphoneos;
				SWIFT_OPTIMIZATION_LEVEL = "-Owholemodule";
				TARGETED_DEVICE_FAMILY = "1,2";
				VALIDATE_PRODUCT = YES;
			};
			name = Release;
		};
		00F952DB1D4F65B80049793F /* Debug */ = {
			isa = XCBuildConfiguration;
			buildSettings = {
				ASSETCATALOG_COMPILER_APPICON_NAME = AppIcon;
				INFOPLIST_FILE = FoodTracker/Info.plist;
				LD_RUNPATH_SEARCH_PATHS = "$(inherited) @executable_path/Frameworks";
				PRODUCT_BUNDLE_IDENTIFIER = com.company.FoodTracker;
				PRODUCT_NAME = "$(TARGET_NAME)";
				SWIFT_VERSION = 3.0;
			};
			name = Debug;
		};
		00F952DC1D4F65B80049793F /* Release */ = {
			isa = XCBuildConfiguration;
			buildSettings = {
				ASSETCATALOG_COMPILER_APPICON_NAME = AppIcon;
				INFOPLIST_FILE = FoodTracker/Info.plist;
				LD_RUNPATH_SEARCH_PATHS = "$(inherited) @executable_path/Frameworks";
				PRODUCT_BUNDLE_IDENTIFIER = com.company.FoodTracker;
				PRODUCT_NAME = "$(TARGET_NAME)";
				SWIFT_VERSION = 3.0;
			};
			name = Release;
		};
		00F952DE1D4F65B80049793F /* Debug */ = {
			isa = XCBuildConfiguration;
			buildSettings = {
				BUNDLE_LOADER = "$(TEST_HOST)";
				INFOPLIST_FILE = FoodTrackerTests/Info.plist;
				LD_RUNPATH_SEARCH_PATHS = "$(inherited) @executable_path/Frameworks @loader_path/Frameworks";
				PRODUCT_BUNDLE_IDENTIFIER = com.company.FoodTrackerTests;
				PRODUCT_NAME = "$(TARGET_NAME)";
				SWIFT_VERSION = 3.0;
				TEST_HOST = "$(BUILT_PRODUCTS_DIR)/FoodTracker.app/FoodTracker";
			};
			name = Debug;
		};
		00F952DF1D4F65B80049793F /* Release */ = {
			isa = XCBuildConfiguration;
			buildSettings = {
				BUNDLE_LOADER = "$(TEST_HOST)";
				INFOPLIST_FILE = FoodTrackerTests/Info.plist;
				LD_RUNPATH_SEARCH_PATHS = "$(inherited) @executable_path/Frameworks @loader_path/Frameworks";
				PRODUCT_BUNDLE_IDENTIFIER = com.company.FoodTrackerTests;
				PRODUCT_NAME = "$(TARGET_NAME)";
				SWIFT_VERSION = 3.0;
				TEST_HOST = "$(BUILT_PRODUCTS_DIR)/FoodTracker.app/FoodTracker";
			};
			name = Release;
		};
/* End XCBuildConfiguration section */

/* Begin XCConfigurationList section */
		00F952B81D4F65B80049793F /* Build configuration list for PBXProject "FoodTracker" */ = {
			isa = XCConfigurationList;
			buildConfigurations = (
				00F952D81D4F65B80049793F /* Debug */,
				00F952D91D4F65B80049793F /* Release */,
			);
			defaultConfigurationIsVisible = 0;
			defaultConfigurationName = Release;
		};
		00F952DA1D4F65B80049793F /* Build configuration list for PBXNativeTarget "FoodTracker" */ = {
			isa = XCConfigurationList;
			buildConfigurations = (
				00F952DB1D4F65B80049793F /* Debug */,
				00F952DC1D4F65B80049793F /* Release */,
			);
			defaultConfigurationIsVisible = 0;
			defaultConfigurationName = Release;
		};
		00F952DD1D4F65B80049793F /* Build configuration list for PBXNativeTarget "FoodTrackerTests" */ = {
			isa = XCConfigurationList;
			buildConfigurations = (
				00F952DE1D4F65B80049793F /* Debug */,
				00F952DF1D4F65B80049793F /* Release */,
			);
			defaultConfigurationIsVisible = 0;
			defaultConfigurationName = Release;
		};
/* End XCConfigurationList section */
	};
	rootObject = 00F952B51D4F65B80049793F /* Project object */;
}
